
Microsoft Visual Studio Solution File, Format Version 12.00
# Visual Studio Version 17
VisualStudioVersion = 17.11.35103.136
MinimumVisualStudioVersion = 10.0.40219.1
Project("{FAE04EC0-301F-11D3-BF4B-00C04F79EFBC}") = "FunctionApp27", "FunctionApp27\FunctionApp27.csproj", "{074FF979-984E-4299-84DA-40DF09452B0A}"
EndProject
Global
	GlobalSection(SolutionConfigurationPlatforms) = preSolution
		Debug|Any CPU = Debug|Any CPU
		Release|Any CPU = Release|Any CPU
	EndGlobalSection
	GlobalSection(ProjectConfigurationPlatforms) = postSolution
		{074FF979-984E-4299-84DA-40DF09452B0A}.Debug|Any CPU.ActiveCfg = Debug|Any CPU
		{074FF979-984E-4299-84DA-40DF09452B0A}.Debug|Any CPU.Build.0 = Debug|Any CPU
		{074FF979-984E-4299-84DA-40DF09452B0A}.Release|Any CPU.ActiveCfg = Release|Any CPU
		{074FF979-984E-4299-84DA-40DF09452B0A}.Release|Any CPU.Build.0 = Release|Any CPU
	EndGlobalSection
	GlobalSection(SolutionProperties) = preSolution
		HideSolutionNode = FALSE
	EndGlobalSection
	GlobalSection(ExtensibilityGlobals) = postSolution
		SolutionGuid = {BCE87958-EB0B-435C-AEDC-6489A3ADEDC6}
	EndGlobalSection
EndGlobal
